
Microsoft Visual Studio Solution File, Format Version 12.00
Project("{FAE04EC0-301F-11D3-BF4B-00C04F79EFBC}") = "TuioNet", "src\TuioNet\TuioNet.csproj", "{EFDD9110-B8A4-4B11-A30D-29F14A0F03BB}"
EndProject
Project("{FAE04EC0-301F-11D3-BF4B-00C04F79EFBC}") = "TuioNet.Tests", "tests\TuioNet.Tests\TuioNet.Tests.csproj", "{65CC734C-2A69-4B02-983F-29377C76A53C}"
EndProject
Project("{FAE04EC0-301F-11D3-BF4B-00C04F79EFBC}") = "TuioNet.Demo", "src\TuioNet.Demo\TuioNet.Demo.csproj", "{E8DF05DA-653C-4D4B-BEDC-6AB1F39CCC03}"
EndProject
Global
	GlobalSection(SolutionConfigurationPlatforms) = preSolution
		Debug|Any CPU = Debug|Any CPU
		Release|Any CPU = Release|Any CPU
	EndGlobalSection
	GlobalSection(ProjectConfigurationPlatforms) = postSolution
		{EFDD9110-B8A4-4B11-A30D-29F14A0F03BB}.Debug|Any CPU.ActiveCfg = Debug|Any CPU
		{EFDD9110-B8A4-4B11-A30D-29F14A0F03BB}.Debug|Any CPU.Build.0 = Debug|Any CPU
		{EFDD9110-B8A4-4B11-A30D-29F14A0F03BB}.Release|Any CPU.ActiveCfg = Release|Any CPU
		{EFDD9110-B8A4-4B11-A30D-29F14A0F03BB}.Release|Any CPU.Build.0 = Release|Any CPU
		{65CC734C-2A69-4B02-983F-29377C76A53C}.Debug|Any CPU.ActiveCfg = Debug|Any CPU
		{65CC734C-2A69-4B02-983F-29377C76A53C}.Debug|Any CPU.Build.0 = Debug|Any CPU
		{65CC734C-2A69-4B02-983F-29377C76A53C}.Release|Any CPU.ActiveCfg = Release|Any CPU
		{E8DF05DA-653C-4D4B-BEDC-6AB1F39CCC03}.Debug|Any CPU.ActiveCfg = Debug|Any CPU
		{E8DF05DA-653C-4D4B-BEDC-6AB1F39CCC03}.Debug|Any CPU.Build.0 = Debug|Any CPU
		{E8DF05DA-653C-4D4B-BEDC-6AB1F39CCC03}.Release|Any CPU.ActiveCfg = Release|Any CPU
		{E8DF05DA-653C-4D4B-BEDC-6AB1F39CCC03}.Release|Any CPU.Build.0 = Release|Any CPU
	EndGlobalSection
EndGlobal
