
Microsoft Visual Studio Solution File, Format Version 12.00
Project("{FAE04EC0-301F-11D3-BF4B-00C04F79EFBC}") = "TuioNet", "src\TuioNet\TuioNet.csproj", "{EFDD9110-B8A4-4B11-A30D-29F14A0F03BB}"
EndProject
Project("{FAE04EC0-301F-11D3-BF4B-00C04F79EFBC}") = "TuioNet.Tests", "tests\TuioNet.Tests\TuioNet.Tests.csproj", "{65CC734C-2A69-4B02-983F-29377C76A53C}"
EndProject
Project("{FAE04EC0-301F-11D3-BF4B-00C04F79EFBC}") = "TuioNet.ClientDemo", "src\TuioNet.ClientDemo\TuioNet.ClientDemo.csproj", "{E8DF05DA-653C-4D4B-BEDC-6AB1F39CCC03}"
EndProject
Project("{FAE04EC0-301F-11D3-BF4B-00C04F79EFBC}") = "TuioNet.Client", "src\TuioNet.Client\TuioNet.Client.csproj", "{1F4C9E8A-97D7-4E4A-9A6C-AEF1A4026B01}"
EndProject
Project("{FAE04EC0-301F-11D3-BF4B-00C04F79EFBC}") = "TuioNet.Server", "src\TuioNet.Server\TuioNet.Server.csproj", "{DF66A589-DFDB-4A35-B734-2C35F6433287}"
EndProject
Project("{FAE04EC0-301F-11D3-BF4B-00C04F79EFBC}") = "TuioNet.ServerDemo", "TuioNet.ServerDemo\TuioNet.ServerDemo.csproj", "{569EAFBE-DFBE-43E3-979F-50722B5117B3}"
EndProject
Global
	GlobalSection(SolutionConfigurationPlatforms) = preSolution
		Debug|Any CPU = Debug|Any CPU
		Release|Any CPU = Release|Any CPU
	EndGlobalSection
	GlobalSection(ProjectConfigurationPlatforms) = postSolution
		{EFDD9110-B8A4-4B11-A30D-29F14A0F03BB}.Debug|Any CPU.ActiveCfg = Debug|Any CPU
		{EFDD9110-B8A4-4B11-A30D-29F14A0F03BB}.Debug|Any CPU.Build.0 = Debug|Any CPU
		{EFDD9110-B8A4-4B11-A30D-29F14A0F03BB}.Release|Any CPU.ActiveCfg = Release|Any CPU
		{EFDD9110-B8A4-4B11-A30D-29F14A0F03BB}.Release|Any CPU.Build.0 = Release|Any CPU
		{65CC734C-2A69-4B02-983F-29377C76A53C}.Debug|Any CPU.ActiveCfg = Debug|Any CPU
		{65CC734C-2A69-4B02-983F-29377C76A53C}.Debug|Any CPU.Build.0 = Debug|Any CPU
		{65CC734C-2A69-4B02-983F-29377C76A53C}.Release|Any CPU.ActiveCfg = Release|Any CPU
		{E8DF05DA-653C-4D4B-BEDC-6AB1F39CCC03}.Debug|Any CPU.ActiveCfg = Debug|Any CPU
		{E8DF05DA-653C-4D4B-BEDC-6AB1F39CCC03}.Debug|Any CPU.Build.0 = Debug|Any CPU
		{E8DF05DA-653C-4D4B-BEDC-6AB1F39CCC03}.Release|Any CPU.ActiveCfg = Release|Any CPU
		{E8DF05DA-653C-4D4B-BEDC-6AB1F39CCC03}.Release|Any CPU.Build.0 = Release|Any CPU
		{1F4C9E8A-97D7-4E4A-9A6C-AEF1A4026B01}.Debug|Any CPU.ActiveCfg = Debug|Any CPU
		{1F4C9E8A-97D7-4E4A-9A6C-AEF1A4026B01}.Debug|Any CPU.Build.0 = Debug|Any CPU
		{1F4C9E8A-97D7-4E4A-9A6C-AEF1A4026B01}.Release|Any CPU.ActiveCfg = Release|Any CPU
		{1F4C9E8A-97D7-4E4A-9A6C-AEF1A4026B01}.Release|Any CPU.Build.0 = Release|Any CPU
		{DF66A589-DFDB-4A35-B734-2C35F6433287}.Debug|Any CPU.ActiveCfg = Debug|Any CPU
		{DF66A589-DFDB-4A35-B734-2C35F6433287}.Debug|Any CPU.Build.0 = Debug|Any CPU
		{DF66A589-DFDB-4A35-B734-2C35F6433287}.Release|Any CPU.ActiveCfg = Release|Any CPU
		{DF66A589-DFDB-4A35-B734-2C35F6433287}.Release|Any CPU.Build.0 = Release|Any CPU
		{569EAFBE-DFBE-43E3-979F-50722B5117B3}.Debug|Any CPU.ActiveCfg = Debug|Any CPU
		{569EAFBE-DFBE-43E3-979F-50722B5117B3}.Debug|Any CPU.Build.0 = Debug|Any CPU
		{569EAFBE-DFBE-43E3-979F-50722B5117B3}.Release|Any CPU.ActiveCfg = Release|Any CPU
		{569EAFBE-DFBE-43E3-979F-50722B5117B3}.Release|Any CPU.Build.0 = Release|Any CPU
	EndGlobalSection
EndGlobal
